dependencies:
  '@alcode/cognition-runtime':
    version: link:../cognition-runtime
  '@alcode/memory':
    version: link:../memory
  '@alcode/reasoning':
    version: link:../reasoning

packages:

  /@alcode/cognition-runtime@1.0.0:
    dependencies:
      '@alcode/memory': link:../memory
      '@alcode/reasoning': link:../reasoning
    dev: false
    resolution:
      integrity: sha512-AAAAAAAAAAAAAAAAAAAAAAAAAAAAAAAAAAAAAAAAAAAAAAAAAAAAAAAAAAAAAAAAAAAAAAAAAAAAAAAAAAAAAA==
    version: '1.0.0'

  /@alcode/memory@1.0.0:
    dev: false
    resolution:
      integrity: sha512-AAAAAAAAAAAAAAAAAAAAAAAAAAAAAAAAAAAAAAAAAAAAAAAAAAAAAAAAAAAAAAAAAAAAAAAAAAAAAAAAAAAAAA==
    version: '1.0.0'

  /@alcode/reasoning@1.0.0:
    dev: false
    resolution:
      integrity: sha512-AAAAAAAAAAAAAAAAAAAAAAAAAAAAAAAAAAAAAAAAAAAAAAAAAAAAAAAAAAAAAAAAAAAAAAAAAAAAAAAAAAAAAA==
    version: '1.0.0'

lockfileVersion: '9.0'
settings:
  autoInstallPeers: true
  excludeLinksFromLockfile: false